
Microsoft Visual Studio Solution File, Format Version 12.00
# Visual Studio 15
VisualStudioVersion = 15.0.28010.2016
MinimumVisualStudioVersion = 10.0.40219.1
Project("{FAE04EC0-301F-11D3-BF4B-00C04F79EFBC}") = "CSCI352BigProject", "CSCI352BigProject\CSCI352BigProject.csproj", "{1DF038DB-3757-47B1-8982-BE707BA5D0AF}"
EndProject
Global
	GlobalSection(SolutionConfigurationPlatforms) = preSolution
		Debug|Any CPU = Debug|Any CPU
		Release|Any CPU = Release|Any CPU
	EndGlobalSection
	GlobalSection(ProjectConfigurationPlatforms) = postSolution
		{1DF038DB-3757-47B1-8982-BE707BA5D0AF}.Debug|Any CPU.ActiveCfg = Debug|Any CPU
		{1DF038DB-3757-47B1-8982-BE707BA5D0AF}.Debug|Any CPU.Build.0 = Debug|Any CPU
		{1DF038DB-3757-47B1-8982-BE707BA5D0AF}.Release|Any CPU.ActiveCfg = Release|Any CPU
		{1DF038DB-3757-47B1-8982-BE707BA5D0AF}.Release|Any CPU.Build.0 = Release|Any CPU
	EndGlobalSection
	GlobalSection(SolutionProperties) = preSolution
		HideSolutionNode = FALSE
	EndGlobalSection
	GlobalSection(ExtensibilityGlobals) = postSolution
		SolutionGuid = {555DC673-F99D-4062-A7F0-1E9460C789D7}
	EndGlobalSection
EndGlobal
